Microsoft Visual Studio Solution File, Format Version 12.00
# Visual Studio Version 17
VisualStudioVersion = 17.5.2.0
MinimumVisualStudioVersion = 10.0.40219.1
Project("{FAE04EC0-301F-11D3-BF4B-00C04F79EFBC}") = "DovizTakipApi", "DovizTakipApi.csproj", "{17158AFC-E864-9A1E-7A9B-080B7C2992FB}"
EndProject
Global
	GlobalSection(SolutionConfigurationPlatforms) = preSolution
		Debug|Any CPU = Debug|Any CPU
		Release|Any CPU = Release|Any CPU
	EndGlobalSection
	GlobalSection(ProjectConfigurationPlatforms) = postSolution
		{17158AFC-E864-9A1E-7A9B-080B7C2992FB}.Debug|Any CPU.ActiveCfg = Debug|Any CPU
		{17158AFC-E864-9A1E-7A9B-080B7C2992FB}.Debug|Any CPU.Build.0 = Debug|Any CPU
		{17158AFC-E864-9A1E-7A9B-080B7C2992FB}.Release|Any CPU.ActiveCfg = Release|Any CPU
		{17158AFC-E864-9A1E-7A9B-080B7C2992FB}.Release|Any CPU.Build.0 = Release|Any CPU
	EndGlobalSection
	GlobalSection(SolutionProperties) = preSolution
		HideSolutionNode = FALSE
	EndGlobalSection
	GlobalSection(ExtensibilityGlobals) = postSolution
		SolutionGuid = {705E724B-DAC8-4C27-A42D-2AA538C0190A}
	EndGlobalSection
EndGlobal
